// !$*UTF8*$!
{
	archiveVersion = 1;
	classes = {
	};
	objectVersion = 46;
	objects = {

/* Begin PBXBuildFile section */
		65ACE324191FAC7B005451E4 /* Foundation.framework in Frameworks */ = {isa = PBXBuildFile; fileRef = 65ACE323191FAC7B005451E4 /* Foundation.framework */; };
		65ACE326191FAC7B005451E4 /* CoreGraphics.framework in Frameworks */ = {isa = PBXBuildFile; fileRef = 65ACE325191FAC7B005451E4 /* CoreGraphics.framework */; };
		65ACE328191FAC7B005451E4 /* UIKit.framework in Frameworks */ = {isa = PBXBuildFile; fileRef = 65ACE327191FAC7B005451E4 /* UIKit.framework */; };
		65ACE32E191FAC7B005451E4 /* InfoPlist.strings in Resources */ = {isa = PBXBuildFile; fileRef = 65ACE32C191FAC7B005451E4 /* InfoPlist.strings */; };
		65ACE330191FAC7B005451E4 /* main.m in Sources */ = {isa = PBXBuildFile; fileRef = 65ACE32F191FAC7B005451E4 /* main.m */; };
		65ACE334191FAC7B005451E4 /* PJAppDelegate.m in Sources */ = {isa = PBXBuildFile; fileRef = 65ACE333191FAC7B005451E4 /* PJAppDelegate.m */; };
		65ACE336191FAC7B005451E4 /* Images.xcassets in Resources */ = {isa = PBXBuildFile; fileRef = 65ACE335191FAC7B005451E4 /* Images.xcassets */; };
		65ACE33D191FAC7B005451E4 /* XCTest.framework in Frameworks */ = {isa = PBXBuildFile; fileRef = 65ACE33C191FAC7B005451E4 /* XCTest.framework */; };
		65ACE33E191FAC7B005451E4 /* Foundation.framework in Frameworks */ = {isa = PBXBuildFile; fileRef = 65ACE323191FAC7B005451E4 /* Foundation.framework */; };
		65ACE33F191FAC7B005451E4 /* UIKit.framework in Frameworks */ = {isa = PBXBuildFile; fileRef = 65ACE327191FAC7B005451E4 /* UIKit.framework */; };
		65ACE347191FAC7B005451E4 /* InfoPlist.strings in Resources */ = {isa = PBXBuildFile; fileRef = 65ACE345191FAC7B005451E4 /* InfoPlist.strings */; };
		65ACE349191FAC7B005451E4 /* WorkoutTests.m in Sources */ = {isa = PBXBuildFile; fileRef = 65ACE348191FAC7B005451E4 /* WorkoutTests.m */; };
		65ACE355191FACE0005451E4 /* PJWorkoutViewController.m in Sources */ = {isa = PBXBuildFile; fileRef = 65ACE353191FACE0005451E4 /* PJWorkoutViewController.m */; };
		65ACE356191FACE0005451E4 /* PJWorkoutViewController.xib in Resources */ = {isa = PBXBuildFile; fileRef = 65ACE354191FACE0005451E4 /* PJWorkoutViewController.xib */; };
/* End PBXBuildFile section */

/* Begin PBXContainerItemProxy section */
		65ACE340191FAC7B005451E4 /* PBXContainerItemProxy */ = {
			isa = PBXContainerItemProxy;
			containerPortal = 65ACE318191FAC7B005451E4 /* Project object */;
			proxyType = 1;
			remoteGlobalIDString = 65ACE31F191FAC7B005451E4;
			remoteInfo = Workout;
		};
/* End PBXContainerItemProxy section */

/* Begin PBXFileReference section */
		65ACE320191FAC7B005451E4 /* Workout.app */ = {isa = PBXFileReference; explicitFileType = wrapper.application; includeInIndex = 0; path = Workout.app; sourceTree = BUILT_PRODUCTS_DIR; };
		65ACE323191FAC7B005451E4 /* Foundation.framework */ = {isa = PBXFileReference; lastKnownFileType = wrapper.framework; name = Foundation.framework; path = System/Library/Frameworks/Foundation.framework; sourceTree = SDKROOT; };
		65ACE325191FAC7B005451E4 /* CoreGraphics.framework */ = {isa = PBXFileReference; lastKnownFileType = wrapper.framework; name = CoreGraphics.framework; path = System/Library/Frameworks/CoreGraphics.framework; sourceTree = SDKROOT; };
		65ACE327191FAC7B005451E4 /* UIKit.framework */ = {isa = PBXFileReference; lastKnownFileType = wrapper.framework; name = UIKit.framework; path = System/Library/Frameworks/UIKit.framework; sourceTree = SDKROOT; };
		65ACE32B191FAC7B005451E4 /* Workout-Info.plist */ = {isa = PBXFileReference; lastKnownFileType = text.plist.xml; path = "Workout-Info.plist"; sourceTree = "<group>"; };
		65ACE32D191FAC7B005451E4 /* en */ = {isa = PBXFileReference; lastKnownFileType = text.plist.strings; name = en; path = en.lproj/InfoPlist.strings; sourceTree = "<group>"; };
		65ACE32F191FAC7B005451E4 /* main.m */ = {isa = PBXFileReference; lastKnownFileType = sourcecode.c.objc; path = main.m; sourceTree = "<group>"; };
		65ACE331191FAC7B005451E4 /* Workout-Prefix.pch */ = {isa = PBXFileReference; lastKnownFileType = sourcecode.c.h; path = "Workout-Prefix.pch"; sourceTree = "<group>"; };
		65ACE332191FAC7B005451E4 /* PJAppDelegate.h */ = {isa = PBXFileReference; lastKnownFileType = sourcecode.c.h; path = PJAppDelegate.h; sourceTree = "<group>"; };
		65ACE333191FAC7B005451E4 /* PJAppDelegate.m */ = {isa = PBXFileReference; lastKnownFileType = sourcecode.c.objc; path = PJAppDelegate.m; sourceTree = "<group>"; };
		65ACE335191FAC7B005451E4 /* Images.xcassets */ = {isa = PBXFileReference; lastKnownFileType = folder.assetcatalog; path = Images.xcassets; sourceTree = "<group>"; };
		65ACE33B191FAC7B005451E4 /* WorkoutTests.xctest */ = {isa = PBXFileReference; explicitFileType = wrapper.cfbundle; includeInIndex = 0; path = WorkoutTests.xctest; sourceTree = BUILT_PRODUCTS_DIR; };
		65ACE33C191FAC7B005451E4 /* XCTest.framework */ = {isa = PBXFileReference; lastKnownFileType = wrapper.framework; name = XCTest.framework; path = Library/Frameworks/XCTest.framework; sourceTree = DEVELOPER_DIR; };
		65ACE344191FAC7B005451E4 /* WorkoutTests-Info.plist */ = {isa = PBXFileReference; lastKnownFileType = text.plist.xml; path = "WorkoutTests-Info.plist"; sourceTree = "<group>"; };
		65ACE346191FAC7B005451E4 /* en */ = {isa = PBXFileReference; lastKnownFileType = text.plist.strings; name = en; path = en.lproj/InfoPlist.strings; sourceTree = "<group>"; };
		65ACE348191FAC7B005451E4 /* WorkoutTests.m */ = {isa = PBXFileReference; lastKnownFileType = sourcecode.c.objc; path = WorkoutTests.m; sourceTree = "<group>"; };
		65ACE352191FACE0005451E4 /* PJWorkoutViewController.h */ = {isa = PBXFileReference; fileEncoding = 4; lastKnownFileType = sourcecode.c.h; path = PJWorkoutViewController.h; sourceTree = "<group>"; };
		65ACE353191FACE0005451E4 /* PJWorkoutViewController.m */ = {isa = PBXFileReference; fileEncoding = 4; lastKnownFileType = sourcecode.c.objc; path = PJWorkoutViewController.m; sourceTree = "<group>"; };
		65ACE354191FACE0005451E4 /* PJWorkoutViewController.xib */ = {isa = PBXFileReference; fileEncoding = 4; lastKnownFileType = file.xib; path = PJWorkoutViewController.xib; sourceTree = "<group>"; };
/* End PBXFileReference section */

/* Begin PBXFrameworksBuildPhase section */
		65ACE31D191FAC7B005451E4 /* Frameworks */ = {
			isa = PBXFrameworksBuildPhase;
			buildActionMask = 2147483647;
			files = (
				65ACE326191FAC7B005451E4 /* CoreGraphics.framework in Frameworks */,
				65ACE328191FAC7B005451E4 /* UIKit.framework in Frameworks */,
				65ACE324191FAC7B005451E4 /* Foundation.framework in Frameworks */,
			);
			runOnlyForDeploymentPostprocessing = 0;
		};
		65ACE338191FAC7B005451E4 /* Frameworks */ = {
			isa = PBXFrameworksBuildPhase;
			buildActionMask = 2147483647;
			files = (
				65ACE33D191FAC7B005451E4 /* XCTest.framework in Frameworks */,
				65ACE33F191FAC7B005451E4 /* UIKit.framework in Frameworks */,
				65ACE33E191FAC7B005451E4 /* Foundation.framework in Frameworks */,
			);
			runOnlyForDeploymentPostprocessing = 0;
		};
/* End PBXFrameworksBuildPhase section */

/* Begin PBXGroup section */
		65ACE317191FAC7B005451E4 = {
			isa = PBXGroup;
			children = (
				65ACE352191FACE0005451E4 /* PJWorkoutViewController.h */,
				65ACE353191FACE0005451E4 /* PJWorkoutViewController.m */,
				65ACE354191FACE0005451E4 /* PJWorkoutViewController.xib */,
				65ACE329191FAC7B005451E4 /* Workout */,
				65ACE342191FAC7B005451E4 /* WorkoutTests */,
				65ACE322191FAC7B005451E4 /* Frameworks */,
				65ACE321191FAC7B005451E4 /* Products */,
			);
			sourceTree = "<group>";
		};
		65ACE321191FAC7B005451E4 /* Products */ = {
			isa = PBXGroup;
			children = (
				65ACE320191FAC7B005451E4 /* Workout.app */,
				65ACE33B191FAC7B005451E4 /* WorkoutTests.xctest */,
			);
			name = Products;
			sourceTree = "<group>";
		};
		65ACE322191FAC7B005451E4 /* Frameworks */ = {
			isa = PBXGroup;
			children = (
				65ACE323191FAC7B005451E4 /* Foundation.framework */,
				65ACE325191FAC7B005451E4 /* CoreGraphics.framework */,
				65ACE327191FAC7B005451E4 /* UIKit.framework */,
				65ACE33C191FAC7B005451E4 /* XCTest.framework */,
			);
			name = Frameworks;
			sourceTree = "<group>";
		};
		65ACE329191FAC7B005451E4 /* Workout */ = {
			isa = PBXGroup;
			children = (
				65ACE332191FAC7B005451E4 /* PJAppDelegate.h */,
				65ACE333191FAC7B005451E4 /* PJAppDelegate.m */,
				65ACE335191FAC7B005451E4 /* Images.xcassets */,
				65ACE32A191FAC7B005451E4 /* Supporting Files */,
			);
			path = Workout;
			sourceTree = "<group>";
		};
		65ACE32A191FAC7B005451E4 /* Supporting Files */ = {
			isa = PBXGroup;
			children = (
				65ACE32B191FAC7B005451E4 /* Workout-Info.plist */,
				65ACE32C191FAC7B005451E4 /* InfoPlist.strings */,
				65ACE32F191FAC7B005451E4 /* main.m */,
				65ACE331191FAC7B005451E4 /* Workout-Prefix.pch */,
			);
			name = "Supporting Files";
			sourceTree = "<group>";
		};
		65ACE342191FAC7B005451E4 /* WorkoutTests */ = {
			isa = PBXGroup;
			children = (
				65ACE348191FAC7B005451E4 /* WorkoutTests.m */,
				65ACE343191FAC7B005451E4 /* Supporting Files */,
			);
			path = WorkoutTests;
			sourceTree = "<group>";
		};
		65ACE343191FAC7B005451E4 /* Supporting Files */ = {
			isa = PBXGroup;
			children = (
				65ACE344191FAC7B005451E4 /* WorkoutTests-Info.plist */,
				65ACE345191FAC7B005451E4 /* InfoPlist.strings */,
			);
			name = "Supporting Files";
			sourceTree = "<group>";
		};
/* End PBXGroup section */

/* Begin PBXNativeTarget section */
		65ACE31F191FAC7B005451E4 /* Workout */ = {
			isa = PBXNativeTarget;
			buildConfigurationList = 65ACE34C191FAC7B005451E4 /* Build configuration list for PBXNativeTarget "Workout" */;
			buildPhases = (
				65ACE31C191FAC7B005451E4 /* Sources */,
				65ACE31D191FAC7B005451E4 /* Frameworks */,
				65ACE31E191FAC7B005451E4 /* Resources */,
			);
			buildRules = (
			);
			dependencies = (
			);
			name = Workout;
			productName = Workout;
			productReference = 65ACE320191FAC7B005451E4 /* Workout.app */;
			productType = "com.apple.product-type.application";
		};
		65ACE33A191FAC7B005451E4 /* WorkoutTests */ = {
			isa = PBXNativeTarget;
			buildConfigurationList = 65ACE34F191FAC7B005451E4 /* Build configuration list for PBXNativeTarget "WorkoutTests" */;
			buildPhases = (
				65ACE337191FAC7B005451E4 /* Sources */,
				65ACE338191FAC7B005451E4 /* Frameworks */,
				65ACE339191FAC7B005451E4 /* Resources */,
			);
			buildRules = (
			);
			dependencies = (
				65ACE341191FAC7B005451E4 /* PBXTargetDependency */,
			);
			name = WorkoutTests;
			productName = WorkoutTests;
			productReference = 65ACE33B191FAC7B005451E4 /* WorkoutTests.xctest */;
			productType = "com.apple.product-type.bundle.unit-test";
		};
/* End PBXNativeTarget section */

/* Begin PBXProject section */
		65ACE318191FAC7B005451E4 /* Project object */ = {
			isa = PBXProject;
			attributes = {
				CLASSPREFIX = PJ;
				LastUpgradeCheck = 0510;
				ORGANIZATIONNAME = "___FULLUSERNAME___";
				TargetAttributes = {
					65ACE33A191FAC7B005451E4 = {
						TestTargetID = 65ACE31F191FAC7B005451E4;
					};
				};
			};
			buildConfigurationList = 65ACE31B191FAC7B005451E4 /* Build configuration list for PBXProject "Workout" */;
			compatibilityVersion = "Xcode 3.2";
			developmentRegion = English;
			hasScannedForEncodings = 0;
			knownRegions = (
				en,
			);
			mainGroup = 65ACE317191FAC7B005451E4;
			productRefGroup = 65ACE321191FAC7B005451E4 /* Products */;
			projectDirPath = "";
			projectRoot = "";
			targets = (
				65ACE31F191FAC7B005451E4 /* Workout */,
				65ACE33A191FAC7B005451E4 /* WorkoutTests */,
			);
		};
/* End PBXProject section */

/* Begin PBXResourcesBuildPhase section */
		65ACE31E191FAC7B005451E4 /* Resources */ = {
			isa = PBXResourcesBuildPhase;
			buildActionMask = 2147483647;
			files = (
				65ACE32E191FAC7B005451E4 /* InfoPlist.strings in Resources */,
				65ACE356191FACE0005451E4 /* PJWorkoutViewController.xib in Resources */,
				65ACE336191FAC7B005451E4 /* Images.xcassets in Resources */,
			);
			runOnlyForDeploymentPostprocessing = 0;
		};
		65ACE339191FAC7B005451E4 /* Resources */ = {
			isa = PBXResourcesBuildPhase;
			buildActionMask = 2147483647;
			files = (
				65ACE347191FAC7B005451E4 /* InfoPlist.strings in Resources */,
			);
			runOnlyForDeploymentPostprocessing = 0;
		};
/* End PBXResourcesBuildPhase section */

/* Begin PBXSourcesBuildPhase section */
		65ACE31C191FAC7B005451E4 /* Sources */ = {
			isa = PBXSourcesBuildPhase;
			buildActionMask = 2147483647;
			files = (
				65ACE334191FAC7B005451E4 /* PJAppDelegate.m in Sources */,
				65ACE355191FACE0005451E4 /* PJWorkoutViewController.m in Sources */,
				65ACE330191FAC7B005451E4 /* main.m in Sources */,
			);
			runOnlyForDeploymentPostprocessing = 0;
		};
		65ACE337191FAC7B005451E4 /* Sources */ = {
			isa = PBXSourcesBuildPhase;
			buildActionMask = 2147483647;
			files = (
				65ACE349191FAC7B005451E4 /* WorkoutTests.m in Sources */,
			);
			runOnlyForDeploymentPostprocessing = 0;
		};
/* End PBXSourcesBuildPhase section */

/* Begin PBXTargetDependency section */
		65ACE341191FAC7B005451E4 /* PBXTargetDependency */ = {
			isa = PBXTargetDependency;
			target = 65ACE31F191FAC7B005451E4 /* Workout */;
			targetProxy = 65ACE340191FAC7B005451E4 /* PBXContainerItemProxy */;
		};
/* End PBXTargetDependency section */

/* Begin PBXVariantGroup section */
		65ACE32C191FAC7B005451E4 /* InfoPlist.strings */ = {
			isa = PBXVariantGroup;
			children = (
				65ACE32D191FAC7B005451E4 /* en */,
			);
			name = InfoPlist.strings;
			sourceTree = "<group>";
		};
		65ACE345191FAC7B005451E4 /* InfoPlist.strings */ = {
			isa = PBXVariantGroup;
			children = (
				65ACE346191FAC7B005451E4 /* en */,
			);
			name = InfoPlist.strings;
			sourceTree = "<group>";
		};
/* End PBXVariantGroup section */

/* Begin XCBuildConfiguration section */
		65ACE34A191FAC7B005451E4 /* Debug */ = {
			isa = XCBuildConfiguration;
			buildSettings = {
				ALWAYS_SEARCH_USER_PATHS = NO;
				CLANG_CXX_LANGUAGE_STANDARD = "gnu++0x";
				CLANG_CXX_LIBRARY = "libc++";
				CLANG_ENABLE_MODULES = YES;
				CLANG_ENABLE_OBJC_ARC = YES;
				CLANG_WARN_BOOL_CONVERSION = YES;
				CLANG_WARN_CONSTANT_CONVERSION = YES;
				CLANG_WARN_DIRECT_OBJC_ISA_USAGE = YES_ERROR;
				CLANG_WARN_EMPTY_BODY = YES;
				CLANG_WARN_ENUM_CONVERSION = YES;
				CLANG_WARN_INT_CONVERSION = YES;
				CLANG_WARN_OBJC_ROOT_CLASS = YES_ERROR;
				CLANG_WARN__DUPLICATE_METHOD_MATCH = YES;
				"CODE_SIGN_IDENTITY[sdk=iphoneos*]" = "iPhone Developer";
				COPY_PHASE_STRIP = NO;
				GCC_C_LANGUAGE_STANDARD = gnu99;
				GCC_DYNAMIC_NO_PIC = NO;
				GCC_OPTIMIZATION_LEVEL = 0;
				GCC_PREPROCESSOR_DEFINITIONS = (
					"DEBUG=1",
					"$(inherited)",
				);
				GCC_SYMBOLS_PRIVATE_EXTERN = NO;
				GCC_WARN_64_TO_32_BIT_CONVERSION = YES;
				GCC_WARN_ABOUT_RETURN_TYPE = YES_ERROR;
				GCC_WARN_UNDECLARED_SELECTOR = YES;
				GCC_WARN_UNINITIALIZED_AUTOS = YES_AGGRESSIVE;
				GCC_WARN_UNUSED_FUNCTION = YES;
				GCC_WARN_UNUSED_VARIABLE = YES;
				IPHONEOS_DEPLOYMENT_TARGET = 7.1;
				ONLY_ACTIVE_ARCH = YES;
				SDKROOT = iphoneos;
			};
			name = Debug;
		};
		65ACE34B191FAC7B005451E4 /* Release */ = {
			isa = XCBuildConfiguration;
			buildSettings = {
				ALWAYS_SEARCH_USER_PATHS = NO;
				CLANG_CXX_LANGUAGE_STANDARD = "gnu++0x";
				CLANG_CXX_LIBRARY = "libc++";
				CLANG_ENABLE_MODULES = YES;
				CLANG_ENABLE_OBJC_ARC = YES;
				CLANG_WARN_BOOL_CONVERSION = YES;
				CLANG_WARN_CONSTANT_CONVERSION = YES;
				CLANG_WARN_DIRECT_OBJC_ISA_USAGE = YES_ERROR;
				CLANG_WARN_EMPTY_BODY = YES;
				CLANG_WARN_ENUM_CONVERSION = YES;
				CLANG_WARN_INT_CONVERSION = YES;
				CLANG_WARN_OBJC_ROOT_CLASS = YES_ERROR;
				CLANG_WARN__DUPLICATE_METHOD_MATCH = YES;
				"CODE_SIGN_IDENTITY[sdk=iphoneos*]" = "iPhone Developer";
				COPY_PHASE_STRIP = YES;
				ENABLE_NS_ASSERTIONS = NO;
				GCC_C_LANGUAGE_STANDARD = gnu99;
				GCC_WARN_64_TO_32_BIT_CONVERSION = YES;
				GCC_WARN_ABOUT_RETURN_TYPE = YES_ERROR;
				GCC_WARN_UNDECLARED_SELECTOR = YES;
				GCC_WARN_UNINITIALIZED_AUTOS = YES_AGGRESSIVE;
				GCC_WARN_UNUSED_FUNCTION = YES;
				GCC_WARN_UNUSED_VARIABLE = YES;
				IPHONEOS_DEPLOYMENT_TARGET = 7.1;
				SDKROOT = iphoneos;
				VALIDATE_PRODUCT = YES;
			};
			name = Release;
		};
		65ACE34D191FAC7B005451E4 /* Debug */ = {
			isa = XCBuildConfiguration;
			buildSettings = {
				ASSETCATALOG_COMPILER_APPICON_NAME = AppIcon;
				ASSETCATALOG_COMPILER_LAUNCHIMAGE_NAME = LaunchImage;
				GCC_PRECOMPILE_PREFIX_HEADER = YES;
				GCC_PREFIX_HEADER = "Workout/Workout-Prefix.pch";
				INFOPLIST_FILE = "Workout/Workout-Info.plist";
				PRODUCT_NAME = "$(TARGET_NAME)";
				WRAPPER_EXTENSION = app;
			};
			name = Debug;
		};
		65ACE34E191FAC7B005451E4 /* Release */ = {
			isa = XCBuildConfiguration;
			buildSettings = {
				ASSETCATALOG_COMPILER_APPICON_NAME = AppIcon;
				ASSETCATALOG_COMPILER_LAUNCHIMAGE_NAME = LaunchImage;
				GCC_PRECOMPILE_PREFIX_HEADER = YES;
				GCC_PREFIX_HEADER = "Workout/Workout-Prefix.pch";
				INFOPLIST_FILE = "Workout/Workout-Info.plist";
				PRODUCT_NAME = "$(TARGET_NAME)";
				WRAPPER_EXTENSION = app;
			};
			name = Release;
		};
		65ACE350191FAC7B005451E4 /* Debug */ = {
			isa = XCBuildConfiguration;
			buildSettings = {
				BUNDLE_LOADER = "$(BUILT_PRODUCTS_DIR)/Workout.app/Workout";
				FRAMEWORK_SEARCH_PATHS = (
					"$(SDKROOT)/Developer/Library/Frameworks",
					"$(inherited)",
					"$(DEVELOPER_FRAMEWORKS_DIR)",
				);
				GCC_PRECOMPILE_PREFIX_HEADER = YES;
				GCC_PREFIX_HEADER = "Workout/Workout-Prefix.pch";
				GCC_PREPROCESSOR_DEFINITIONS = (
					"DEBUG=1",
					"$(inherited)",
				);
				INFOPLIST_FILE = "WorkoutTests/WorkoutTests-Info.plist";
				PRODUCT_NAME = "$(TARGET_NAME)";
				TEST_HOST = "$(BUNDLE_LOADER)";
				WRAPPER_EXTENSION = xctest;
			};
			name = Debug;
		};
		65ACE351191FAC7B005451E4 /* Release */ = {
			isa = XCBuildConfiguration;
			buildSettings = {
				BUNDLE_LOADER = "$(BUILT_PRODUCTS_DIR)/Workout.app/Workout";
				FRAMEWORK_SEARCH_PATHS = (
					"$(SDKROOT)/Developer/Library/Frameworks",
					"$(inherited)",
					"$(DEVELOPER_FRAMEWORKS_DIR)",
				);
				GCC_PRECOMPILE_PREFIX_HEADER = YES;
				GCC_PREFIX_HEADER = "Workout/Workout-Prefix.pch";
				INFOPLIST_FILE = "WorkoutTests/WorkoutTests-Info.plist";
				PRODUCT_NAME = "$(TARGET_NAME)";
				TEST_HOST = "$(BUNDLE_LOADER)";
				WRAPPER_EXTENSION = xctest;
			};
			name = Release;
		};
/* End XCBuildConfiguration section */

/* Begin XCConfigurationList section */
		65ACE31B191FAC7B005451E4 /* Build configuration list for PBXProject "Workout" */ = {
			isa = XCConfigurationList;
			buildConfigurations = (
				65ACE34A191FAC7B005451E4 /* Debug */,
				65ACE34B191FAC7B005451E4 /* Release */,
			);
			defaultConfigurationIsVisible = 0;
			defaultConfigurationName = Release;
		};
		65ACE34C191FAC7B005451E4 /* Build configuration list for PBXNativeTarget "Workout" */ = {
			isa = XCConfigurationList;
			buildConfigurations = (
				65ACE34D191FAC7B005451E4 /* Debug */,
				65ACE34E191FAC7B005451E4 /* Release */,
			);
			defaultConfigurationIsVisible = 0;
		};
		65ACE34F191FAC7B005451E4 /* Build configuration list for PBXNativeTarget "WorkoutTests" */ = {
			isa = XCConfigurationList;
			buildConfigurations = (
				65ACE350191FAC7B005451E4 /* Debug */,
				65ACE351191FAC7B005451E4 /* Release */,
			);
			defaultConfigurationIsVisible = 0;
		};
/* End XCConfigurationList section */
	};
	rootObject = 65ACE318191FAC7B005451E4 /* Project object */;
}
